// !$*UTF8*$!
{
	archiveVersion = 1;
	classes = {
	};
	objectVersion = 50;
	objects = {

/* Begin PBXBuildFile section */
		1700D24B20DE4104003C50A1 /* VideoCell.swift in Sources */ = {isa = PBXBuildFile; fileRef = 1700D24A20DE4104003C50A1 /* VideoCell.swift */; };
		1700D24D20DE4156003C50A1 /* VideoController.swift in Sources */ = {isa = PBXBuildFile; fileRef = 1700D24C20DE4156003C50A1 /* VideoController.swift */; };
		1700D24F20DEAFF3003C50A1 /* ChangeAccountView.swift in Sources */ = {isa = PBXBuildFile; fileRef = 1700D24E20DEAFF3003C50A1 /* ChangeAccountView.swift */; };
		1731A5342110972300023409 /* StickerView.swift in Sources */ = {isa = PBXBuildFile; fileRef = 1731A5332110972300023409 /* StickerView.swift */; };
		1731A5362110AFBA00023409 /* TableView.swift in Sources */ = {isa = PBXBuildFile; fileRef = 1731A5352110AFBA00023409 /* TableView.swift */; };
		1731A5382113144E00023409 /* AttachPanel.swift in Sources */ = {isa = PBXBuildFile; fileRef = 1731A5372113144E00023409 /* AttachPanel.swift */; };
		1731A53A2113489800023409 /* SelectAttachPanel.swift in Sources */ = {isa = PBXBuildFile; fileRef = 1731A5392113489800023409 /* SelectAttachPanel.swift */; };
		173D666120D3C07900EEBF46 /* Control.swift in Sources */ = {isa = PBXBuildFile; fileRef = 173D666020D3C07900EEBF46 /* Control.swift */; };
		173D666420D3C91300EEBF46 /* GroupsListController.swift in Sources */ = {isa = PBXBuildFile; fileRef = 173D666320D3C91300EEBF46 /* GroupsListController.swift */; };
		173D666620D3C94500EEBF46 /* Groups.swift in Sources */ = {isa = PBXBuildFile; fileRef = 173D666520D3C94500EEBF46 /* Groups.swift */; };
		173D666820D3C9DB00EEBF46 /* ParseGroupList.swift in Sources */ = {isa = PBXBuildFile; fileRef = 173D666720D3C9DB00EEBF46 /* ParseGroupList.swift */; };
		173D666B20D3CAD100EEBF46 /* ReloadGroupsListController.swift in Sources */ = {isa = PBXBuildFile; fileRef = 173D666A20D3CAD100EEBF46 /* ReloadGroupsListController.swift */; };
		173D666D20D3E4BE00EEBF46 /* Record.swift in Sources */ = {isa = PBXBuildFile; fileRef = 173D666C20D3E4BE00EEBF46 /* Record.swift */; };
		173D666F20D3EAC800EEBF46 /* GroupProfile.swift in Sources */ = {isa = PBXBuildFile; fileRef = 173D666E20D3EAC800EEBF46 /* GroupProfile.swift */; };
		173D667220D3F56600EEBF46 /* RecordCell.swift in Sources */ = {isa = PBXBuildFile; fileRef = 173D667120D3F56600EEBF46 /* RecordCell.swift */; };
		173D667920D40FCE00EEBF46 /* UITextViewPlaceholder.swift in Sources */ = {isa = PBXBuildFile; fileRef = 173D667520D40FCD00EEBF46 /* UITextViewPlaceholder.swift */; };
		173D667A20D40FCE00EEBF46 /* StoreReviewHelper.swift in Sources */ = {isa = PBXBuildFile; fileRef = 173D667620D40FCD00EEBF46 /* StoreReviewHelper.swift */; };
		173D667B20D40FCE00EEBF46 /* URLsInLabels.swift in Sources */ = {isa = PBXBuildFile; fileRef = 173D667720D40FCE00EEBF46 /* URLsInLabels.swift */; };
		173D667C20D40FCE00EEBF46 /* KGCopyableLabel.swift in Sources */ = {isa = PBXBuildFile; fileRef = 173D667820D40FCE00EEBF46 /* KGCopyableLabel.swift */; };
		17424FEB20D53C2100F52C4C /* Audio.swift in Sources */ = {isa = PBXBuildFile; fileRef = 17424FEA20D53C2100F52C4C /* Audio.swift */; };
		17424FED20D53DC100F52C4C /* Link.swift in Sources */ = {isa = PBXBuildFile; fileRef = 17424FEC20D53DC100F52C4C /* Link.swift */; };
		17424FEF20D591E800F52C4C /* Document.swift in Sources */ = {isa = PBXBuildFile; fileRef = 17424FEE20D591E800F52C4C /* Document.swift */; };
		17424FF120D5A3C400F52C4C /* Poll.swift in Sources */ = {isa = PBXBuildFile; fileRef = 17424FF020D5A3C400F52C4C /* Poll.swift */; };
		174912D920D300DD00FCF9F9 /* SetImageToRow.swift in Sources */ = {isa = PBXBuildFile; fileRef = 174912B020D300DC00FCF9F9 /* SetImageToRow.swift */; };
		174912DA20D300DD00FCF9F9 /* SetAnimatedImageToRow.swift in Sources */ = {isa = PBXBuildFile; fileRef = 174912B120D300DC00FCF9F9 /* SetAnimatedImageToRow.swift */; };
		174912DB20D300DD00FCF9F9 /* GetCacheImage.swift in Sources */ = {isa = PBXBuildFile; fileRef = 174912B220D300DC00FCF9F9 /* GetCacheImage.swift */; };
		174912DC20D300DD00FCF9F9 /* Assets.xcassets in Resources */ = {isa = PBXBuildFile; fileRef = 174912B320D300DC00FCF9F9 /* Assets.xcassets */; };
		174912DD20D300DD00FCF9F9 /* Photos.swift in Sources */ = {isa = PBXBuildFile; fileRef = 174912B520D300DC00FCF9F9 /* Photos.swift */; };
		174912DE20D300DD00FCF9F9 /* UserProfile.swift in Sources */ = {isa = PBXBuildFile; fileRef = 174912B620D300DC00FCF9F9 /* UserProfile.swift */; };
		174912DF20D300DD00FCF9F9 /* ErrorJson.swift in Sources */ = {isa = PBXBuildFile; fileRef = 174912B720D300DC00FCF9F9 /* ErrorJson.swift */; };
		174912E020D300DD00FCF9F9 /* vkAccount.swift in Sources */ = {isa = PBXBuildFile; fileRef = 174912B820D300DC00FCF9F9 /* vkAccount.swift */; };
		174912E120D300DD00FCF9F9 /* LaunchScreen.storyboard in Resources */ = {isa = PBXBuildFile; fileRef = 174912B920D300DC00FCF9F9 /* LaunchScreen.storyboard */; };
		174912E220D300DD00FCF9F9 /* Main.storyboard in Resources */ = {isa = PBXBuildFile; fileRef = 174912BB20D300DC00FCF9F9 /* Main.storyboard */; };
		174912E320D300DD00FCF9F9 /* Date.swift in Sources */ = {isa = PBXBuildFile; fileRef = 174912BE20D300DC00FCF9F9 /* Date.swift */; };
		174912E420D300DD00FCF9F9 /* Label.swift in Sources */ = {isa = PBXBuildFile; fileRef = 174912BF20D300DC00FCF9F9 /* Label.swift */; };
		174912E520D300DD00FCF9F9 /* TableViewCell.swift in Sources */ = {isa = PBXBuildFile; fileRef = 174912C020D300DC00FCF9F9 /* TableViewCell.swift */; };
		174912E620D300DD00FCF9F9 /* Image.swift in Sources */ = {isa = PBXBuildFile; fileRef = 174912C120D300DC00FCF9F9 /* Image.swift */; };
		174912E720D300DD00FCF9F9 /* Int.swift in Sources */ = {isa = PBXBuildFile; fileRef = 174912C220D300DC00FCF9F9 /* Int.swift */; };
		174912E820D300DD00FCF9F9 /* String.swift in Sources */ = {isa = PBXBuildFile; fileRef = 174912C320D300DC00FCF9F9 /* String.swift */; };
		174912E920D300DD00FCF9F9 /* StartViewController.swift in Sources */ = {isa = PBXBuildFile; fileRef = 174912C420D300DC00FCF9F9 /* StartViewController.swift */; };
		174912EA20D300DD00FCF9F9 /* GetServerDataOperation.swift in Sources */ = {isa = PBXBuildFile; fileRef = 174912C620D300DC00FCF9F9 /* GetServerDataOperation.swift */; };
		174912EB20D300DD00FCF9F9 /* AsyncOperation.swift in Sources */ = {isa = PBXBuildFile; fileRef = 174912C720D300DC00FCF9F9 /* AsyncOperation.swift */; };
		174912EC20D300DD00FCF9F9 /* vkSingleton.swift in Sources */ = {isa = PBXBuildFile; fileRef = 174912C920D300DC00FCF9F9 /* vkSingleton.swift */; };
		174912ED20D300DD00FCF9F9 /* AppConfig.swift in Sources */ = {isa = PBXBuildFile; fileRef = 174912CA20D300DC00FCF9F9 /* AppConfig.swift */; };
		174912EE20D300DD00FCF9F9 /* UsersController.swift in Sources */ = {isa = PBXBuildFile; fileRef = 174912CC20D300DC00FCF9F9 /* UsersController.swift */; };
		174912F120D300DD00FCF9F9 /* LoginViewController.swift in Sources */ = {isa = PBXBuildFile; fileRef = 174912CF20D300DC00FCF9F9 /* LoginViewController.swift */; };
		174912F220D300DD00FCF9F9 /* ProfileView.swift in Sources */ = {isa = PBXBuildFile; fileRef = 174912D120D300DC00FCF9F9 /* ProfileView.swift */; };
		174912F320D300DD00FCF9F9 /* ProfileViewController.swift in Sources */ = {isa = PBXBuildFile; fileRef = 174912D220D300DC00FCF9F9 /* ProfileViewController.swift */; };
		174912F420D300DD00FCF9F9 /* MenuViewController.swift in Sources */ = {isa = PBXBuildFile; fileRef = 174912D320D300DC00FCF9F9 /* MenuViewController.swift */; };
		174912F520D300DD00FCF9F9 /* AppDelegate.swift in Sources */ = {isa = PBXBuildFile; fileRef = 174912D420D300DC00FCF9F9 /* AppDelegate.swift */; };
		174912F620D300DD00FCF9F9 /* ViewControllerProtocol.swift in Sources */ = {isa = PBXBuildFile; fileRef = 174912D620D300DC00FCF9F9 /* ViewControllerProtocol.swift */; };
		174912F720D300DD00FCF9F9 /* ViewControllerUtils.swift in Sources */ = {isa = PBXBuildFile; fileRef = 174912D720D300DC00FCF9F9 /* ViewControllerUtils.swift */; };
		174912FA20D302B700FCF9F9 /* Friends.swift in Sources */ = {isa = PBXBuildFile; fileRef = 174912F920D302B700FCF9F9 /* Friends.swift */; };
		174912FD20D303F400FCF9F9 /* ReloadUsersController.swift in Sources */ = {isa = PBXBuildFile; fileRef = 174912FB20D303F400FCF9F9 /* ReloadUsersController.swift */; };
		174912FE20D303F400FCF9F9 /* ParseFriends.swift in Sources */ = {isa = PBXBuildFile; fileRef = 174912FC20D303F400FCF9F9 /* ParseFriends.swift */; };
		1749130320D304DD00FCF9F9 /* ParseRequestList.swift in Sources */ = {isa = PBXBuildFile; fileRef = 1749130220D304DD00FCF9F9 /* ParseRequestList.swift */; };
		1749130520D3050200FCF9F9 /* ParseRequest.swift in Sources */ = {isa = PBXBuildFile; fileRef = 1749130420D3050200FCF9F9 /* ParseRequest.swift */; };
		1749130720D3055100FCF9F9 /* FriendRequest.swift in Sources */ = {isa = PBXBuildFile; fileRef = 1749130620D3055100FCF9F9 /* FriendRequest.swift */; };
		177251292109FEF700B4C6FA /* SwitchOptionCell.swift in Sources */ = {isa = PBXBuildFile; fileRef = 177251282109FEF700B4C6FA /* SwitchOptionCell.swift */; };
		1772512B210A110300B4C6FA /* CheckOptionCell.swift in Sources */ = {isa = PBXBuildFile; fileRef = 1772512A210A110300B4C6FA /* CheckOptionCell.swift */; };
		1772512D210A1D5C00B4C6FA /* vkOperationProtocol.swift in Sources */ = {isa = PBXBuildFile; fileRef = 1772512C210A1D5C00B4C6FA /* vkOperationProtocol.swift */; };
		1772512F210A1E0C00B4C6FA /* PushSettings.swift in Sources */ = {isa = PBXBuildFile; fileRef = 1772512E210A1E0C00B4C6FA /* PushSettings.swift */; };
		17725131210A1E4300B4C6FA /* ParsePushSettings.swift in Sources */ = {isa = PBXBuildFile; fileRef = 17725130210A1E4300B4C6FA /* ParsePushSettings.swift */; };
		17725133210B2D8100B4C6FA /* PasswordController.swift in Sources */ = {isa = PBXBuildFile; fileRef = 17725132210B2D8100B4C6FA /* PasswordController.swift */; };
		178D83C020FF707900AFB7EB /* TapGesture.swift in Sources */ = {isa = PBXBuildFile; fileRef = 178D83BF20FF707900AFB7EB /* TapGesture.swift */; };
		178D83C2210097BB00AFB7EB /* PhotosListController.swift in Sources */ = {isa = PBXBuildFile; fileRef = 178D83C1210097BB00AFB7EB /* PhotosListController.swift */; };
		178D83C42100991000AFB7EB /* PhotoAlbum.swift in Sources */ = {isa = PBXBuildFile; fileRef = 178D83C32100991000AFB7EB /* PhotoAlbum.swift */; };
		178D83C621009F7B00AFB7EB /* ParsePhotosList.swift in Sources */ = {isa = PBXBuildFile; fileRef = 178D83C521009F7B00AFB7EB /* ParsePhotosList.swift */; };
		178D83C821009FBF00AFB7EB /* ParsePhotoAlbums.swift in Sources */ = {isa = PBXBuildFile; fileRef = 178D83C721009FBF00AFB7EB /* ParsePhotoAlbums.swift */; };
		178D83CA2100A04000AFB7EB /* ReloadPhotosListController.swift in Sources */ = {isa = PBXBuildFile; fileRef = 178D83C92100A04000AFB7EB /* ReloadPhotosListController.swift */; };
		178D83CC2100A32900AFB7EB /* PhotosListCell.swift in Sources */ = {isa = PBXBuildFile; fileRef = 178D83CB2100A32900AFB7EB /* PhotosListCell.swift */; };
		178D83CE2100AC2C00AFB7EB /* PhotoAlbumsListCell.swift in Sources */ = {isa = PBXBuildFile; fileRef = 178D83CD2100AC2C00AFB7EB /* PhotoAlbumsListCell.swift */; };
		178D83D12101F26000AFB7EB /* NewsfeedController.swift in Sources */ = {isa = PBXBuildFile; fileRef = 178D83D02101F26000AFB7EB /* NewsfeedController.swift */; };
		17996B4D20DCD77F003DA26B /* VideoListController.swift in Sources */ = {isa = PBXBuildFile; fileRef = 17996B4C20DCD77F003DA26B /* VideoListController.swift */; };
		17996B4F20DCD8C1003DA26B /* VideoListCell.swift in Sources */ = {isa = PBXBuildFile; fileRef = 17996B4E20DCD8C1003DA26B /* VideoListCell.swift */; };
		17996B5120DCDBC0003DA26B /* ParseVideos.swift in Sources */ = {isa = PBXBuildFile; fileRef = 17996B5020DCDBC0003DA26B /* ParseVideos.swift */; };
		17996B5320DCDC6F003DA26B /* ReloadVideoListController.swift in Sources */ = {isa = PBXBuildFile; fileRef = 17996B5220DCDC6F003DA26B /* ReloadVideoListController.swift */; };
		179CFC4120DBE94900F2AB04 /* Sticker.swift in Sources */ = {isa = PBXBuildFile; fileRef = 179CFC4020DBE94900F2AB04 /* Sticker.swift */; };
		17A1A5B720D8D31200D9CE00 /* Button.swift in Sources */ = {isa = PBXBuildFile; fileRef = 17A1A5B620D8D31200D9CE00 /* Button.swift */; };
		17A1A5B920D8E37400D9CE00 /* GroupProfileViewController.swift in Sources */ = {isa = PBXBuildFile; fileRef = 17A1A5B820D8E37400D9CE00 /* GroupProfileViewController.swift */; };
		17A1A5BB20D8E63000D9CE00 /* ParseGroupProfile.swift in Sources */ = {isa = PBXBuildFile; fileRef = 17A1A5BA20D8E63000D9CE00 /* ParseGroupProfile.swift */; };
		17A1A5BD20D8E6A700D9CE00 /* ParseWall.swift in Sources */ = {isa = PBXBuildFile; fileRef = 17A1A5BC20D8E6A700D9CE00 /* ParseWall.swift */; };
		17A1A5BF20D8E7FD00D9CE00 /* GroupProfileView.swift in Sources */ = {isa = PBXBuildFile; fileRef = 17A1A5BE20D8E7FD00D9CE00 /* GroupProfileView.swift */; };
		17A1A5C120D8EA4C00D9CE00 /* ReloadGroupProfileController.swift in Sources */ = {isa = PBXBuildFile; fileRef = 17A1A5C020D8EA4C00D9CE00 /* ReloadGroupProfileController.swift */; };
		17B134A320DA8B720058E1A8 /* PhotoViewCell.swift in Sources */ = {isa = PBXBuildFile; fileRef = 17B134A220DA8B720058E1A8 /* PhotoViewCell.swift */; };
		17B134A520DA8B840058E1A8 /* PhotoViewController.swift in Sources */ = {isa = PBXBuildFile; fileRef = 17B134A420DA8B840058E1A8 /* PhotoViewController.swift */; };
		17B134A720DACD110058E1A8 /* Likes.swift in Sources */ = {isa = PBXBuildFile; fileRef = 17B134A620DACD110058E1A8 /* Likes.swift */; };
		17B134A920DAD7090058E1A8 /* RecordController.swift in Sources */ = {isa = PBXBuildFile; fileRef = 17B134A820DAD7090058E1A8 /* RecordController.swift */; };
		17B134AB20DADDAE0058E1A8 /* Comment.swift in Sources */ = {isa = PBXBuildFile; fileRef = 17B134AA20DADDAE0058E1A8 /* Comment.swift */; };
		17B134AD20DB8B070058E1A8 /* LikesUsersController.swift in Sources */ = {isa = PBXBuildFile; fileRef = 17B134AC20DB8B070058E1A8 /* LikesUsersController.swift */; };
		17B134AF20DBBEAE0058E1A8 /* CommentCell.swift in Sources */ = {isa = PBXBuildFile; fileRef = 17B134AE20DBBEAE0058E1A8 /* CommentCell.swift */; };
		17B409E72105EF0C004CED46 /* FavePostsController.swift in Sources */ = {isa = PBXBuildFile; fileRef = 17B409E62105EF0C004CED46 /* FavePostsController.swift */; };
		17B409E92106114A004CED46 /* FaveLinks.swift in Sources */ = {isa = PBXBuildFile; fileRef = 17B409E82106114A004CED46 /* FaveLinks.swift */; };
		17B409EB210612FE004CED46 /* FavePostsCell.swift in Sources */ = {isa = PBXBuildFile; fileRef = 17B409EA210612FE004CED46 /* FavePostsCell.swift */; };
		17B409ED2106306F004CED46 /* BrowserController.swift in Sources */ = {isa = PBXBuildFile; fileRef = 17B409EC2106306F004CED46 /* BrowserController.swift */; };
		17B409F02108822E004CED46 /* UserInfoController.swift in Sources */ = {isa = PBXBuildFile; fileRef = 17B409EF2108822E004CED46 /* UserInfoController.swift */; };
		17B409F2210889C7004CED46 /* RelativeCell.swift in Sources */ = {isa = PBXBuildFile; fileRef = 17B409F1210889C7004CED46 /* RelativeCell.swift */; };
		17B409F42109CE47004CED46 /* PersonalInfoCell.swift in Sources */ = {isa = PBXBuildFile; fileRef = 17B409F32109CE47004CED46 /* PersonalInfoCell.swift */; };
		17B409F62109F961004CED46 /* OptionsController.swift in Sources */ = {isa = PBXBuildFile; fileRef = 17B409F52109F961004CED46 /* OptionsController.swift */; };
		17CCB7F920F4E89A0051947A /* Notification.swift in Sources */ = {isa = PBXBuildFile; fileRef = 17CCB7F820F4E89A0051947A /* Notification.swift */; };
		17CCB7FB20F63AB30051947A /* NotificationController.swift in Sources */ = {isa = PBXBuildFile; fileRef = 17CCB7FA20F63AB30051947A /* NotificationController.swift */; };
		17CCB7FD20F75D1F0051947A /* NotificationCell.swift in Sources */ = {isa = PBXBuildFile; fileRef = 17CCB7FC20F75D1F0051947A /* NotificationCell.swift */; };
		17DD5DB820D7CBE20019938D /* AttachmentsView.swift in Sources */ = {isa = PBXBuildFile; fileRef = 17DD5DB720D7CBE20019938D /* AttachmentsView.swift */; };
		17EBC3A120D51A46009130FC /* Attachment.swift in Sources */ = {isa = PBXBuildFile; fileRef = 17EBC3A020D51A46009130FC /* Attachment.swift */; };
		17EBC3A320D52C5D009130FC /* Video.swift in Sources */ = {isa = PBXBuildFile; fileRef = 17EBC3A220D52C5D009130FC /* Video.swift */; };
		17FDD8E3210F2D410064558A /* TopicsListController.swift in Sources */ = {isa = PBXBuildFile; fileRef = 17FDD8E2210F2D410064558A /* TopicsListController.swift */; };
		17FDD8E5210F2F3C0064558A /* Topic.swift in Sources */ = {isa = PBXBuildFile; fileRef = 17FDD8E4210F2F3C0064558A /* Topic.swift */; };
		17FDD8E7210F34410064558A /* TopicCell.swift in Sources */ = {isa = PBXBuildFile; fileRef = 17FDD8E6210F34410064558A /* TopicCell.swift */; };
		17FDD8E9211059F20064558A /* TopicController.swift in Sources */ = {isa = PBXBuildFile; fileRef = 17FDD8E8211059F20064558A /* TopicController.swift */; };
		17FDD8EB211061890064558A /* ParseComments.swift in Sources */ = {isa = PBXBuildFile; fileRef = 17FDD8EA211061890064558A /* ParseComments.swift */; };
		17FDD8ED2110621E0064558A /* ParseTopics.swift in Sources */ = {isa = PBXBuildFile; fileRef = 17FDD8EC2110621E0064558A /* ParseTopics.swift */; };
		17FDD8EF2110629C0064558A /* ReloadTopicController.swift in Sources */ = {isa = PBXBuildFile; fileRef = 17FDD8EE2110629C0064558A /* ReloadTopicController.swift */; };
		2286DFA9FA1B572377DE03A3 /* Pods_VK_IPad.framework in Frameworks */ = {isa = PBXBuildFile; fileRef = 1ECEFB335DD55F5E58C7A64A /* Pods_VK_IPad.framework */; settings = {ATTRIBUTES = (Required, ); }; };
/* End PBXBuildFile section */

/* Begin PBXFileReference section */
		1380E5F9747FC22A8E1480B7 /* Pods-VK-IPad.release.xcconfig */ = {isa = PBXFileReference; includeInIndex = 1; lastKnownFileType = text.xcconfig; name = "Pods-VK-IPad.release.xcconfig"; path = "Pods/Target Support Files/Pods-VK-IPad/Pods-VK-IPad.release.xcconfig"; sourceTree = "<group>"; };
		1700D24A20DE4104003C50A1 /* VideoCell.swift */ = {isa = PBXFileReference; lastKnownFileType = sourcecode.swift; path = VideoCell.swift; sourceTree = "<group>"; };
		1700D24C20DE4156003C50A1 /* VideoController.swift */ = {isa = PBXFileReference; lastKnownFileType = sourcecode.swift; path = VideoController.swift; sourceTree = "<group>"; };
		1700D24E20DEAFF3003C50A1 /* ChangeAccountView.swift */ = {isa = PBXFileReference; lastKnownFileType = sourcecode.swift; path = ChangeAccountView.swift; sourceTree = "<group>"; };
		1731A5332110972300023409 /* StickerView.swift */ = {isa = PBXFileReference; lastKnownFileType = sourcecode.swift; path = StickerView.swift; sourceTree = "<group>"; };
		1731A5352110AFBA00023409 /* TableView.swift */ = {isa = PBXFileReference; lastKnownFileType = sourcecode.swift; path = TableView.swift; sourceTree = "<group>"; };
		1731A5372113144E00023409 /* AttachPanel.swift */ = {isa = PBXFileReference; lastKnownFileType = sourcecode.swift; path = AttachPanel.swift; sourceTree = "<group>"; };
		1731A5392113489800023409 /* SelectAttachPanel.swift */ = {isa = PBXFileReference; lastKnownFileType = sourcecode.swift; path = SelectAttachPanel.swift; sourceTree = "<group>"; };
		173D666020D3C07900EEBF46 /* Control.swift */ = {isa = PBXFileReference; lastKnownFileType = sourcecode.swift; path = Control.swift; sourceTree = "<group>"; };
		173D666320D3C91300EEBF46 /* GroupsListController.swift */ = {isa = PBXFileReference; lastKnownFileType = sourcecode.swift; path = GroupsListController.swift; sourceTree = "<group>"; };
		173D666520D3C94500EEBF46 /* Groups.swift */ = {isa = PBXFileReference; lastKnownFileType = sourcecode.swift; path = Groups.swift; sourceTree = "<group>"; };
		173D666720D3C9DB00EEBF46 /* ParseGroupList.swift */ = {isa = PBXFileReference; lastKnownFileType = sourcecode.swift; path = ParseGroupList.swift; sourceTree = "<group>"; };
		173D666A20D3CAD100EEBF46 /* ReloadGroupsListController.swift */ = {isa = PBXFileReference; lastKnownFileType = sourcecode.swift; path = ReloadGroupsListController.swift; sourceTree = "<group>"; };
		173D666C20D3E4BE00EEBF46 /* Record.swift */ = {isa = PBXFileReference; lastKnownFileType = sourcecode.swift; path = Record.swift; sourceTree = "<group>"; };
		173D666E20D3EAC800EEBF46 /* GroupProfile.swift */ = {isa = PBXFileReference; lastKnownFileType = sourcecode.swift; path = GroupProfile.swift; sourceTree = "<group>"; };
		173D667120D3F56600EEBF46 /* RecordCell.swift */ = {isa = PBXFileReference; lastKnownFileType = sourcecode.swift; path = RecordCell.swift; sourceTree = "<group>"; };
		173D667520D40FCD00EEBF46 /* UITextViewPlaceholder.swift */ = {isa = PBXFileReference; fileEncoding = 4; lastKnownFileType = sourcecode.swift; path = UITextViewPlaceholder.swift; sourceTree = "<group>"; };
		173D667620D40FCD00EEBF46 /* StoreReviewHelper.swift */ = {isa = PBXFileReference; fileEncoding = 4; lastKnownFileType = sourcecode.swift; path = StoreReviewHelper.swift; sourceTree = "<group>"; };
		173D667720D40FCE00EEBF46 /* URLsInLabels.swift */ = {isa = PBXFileReference; fileEncoding = 4; lastKnownFileType = sourcecode.swift; path = URLsInLabels.swift; sourceTree = "<group>"; };
		173D667820D40FCE00EEBF46 /* KGCopyableLabel.swift */ = {isa = PBXFileReference; fileEncoding = 4; lastKnownFileType = sourcecode.swift; path = KGCopyableLabel.swift; sourceTree = "<group>"; };
		17424FEA20D53C2100F52C4C /* Audio.swift */ = {isa = PBXFileReference; lastKnownFileType = sourcecode.swift; path = Audio.swift; sourceTree = "<group>"; };
		17424FEC20D53DC100F52C4C /* Link.swift */ = {isa = PBXFileReference; lastKnownFileType = sourcecode.swift; path = Link.swift; sourceTree = "<group>"; };
		17424FEE20D591E800F52C4C /* Document.swift */ = {isa = PBXFileReference; lastKnownFileType = sourcecode.swift; path = Document.swift; sourceTree = "<group>"; };
		17424FF020D5A3C400F52C4C /* Poll.swift */ = {isa = PBXFileReference; lastKnownFileType = sourcecode.swift; path = Poll.swift; sourceTree = "<group>"; };
		174912B020D300DC00FCF9F9 /* SetImageToRow.swift */ = {isa = PBXFileReference; fileEncoding = 4; lastKnownFileType = sourcecode.swift; path = SetImageToRow.swift; sourceTree = "<group>"; };
		174912B120D300DC00FCF9F9 /* SetAnimatedImageToRow.swift */ = {isa = PBXFileReference; fileEncoding = 4; lastKnownFileType = sourcecode.swift; path = SetAnimatedImageToRow.swift; sourceTree = "<group>"; };
		174912B220D300DC00FCF9F9 /* GetCacheImage.swift */ = {isa = PBXFileReference; fileEncoding = 4; lastKnownFileType = sourcecode.swift; path = GetCacheImage.swift; sourceTree = "<group>"; };
		174912B320D300DC00FCF9F9 /* Assets.xcassets */ = {isa = PBXFileReference; lastKnownFileType = folder.assetcatalog; path = Assets.xcassets; sourceTree = "<group>"; };
		174912B520D300DC00FCF9F9 /* Photos.swift */ = {isa = PBXFileReference; fileEncoding = 4; lastKnownFileType = sourcecode.swift; path = Photos.swift; sourceTree = "<group>"; };
		174912B620D300DC00FCF9F9 /* UserProfile.swift */ = {isa = PBXFileReference; fileEncoding = 4; lastKnownFileType = sourcecode.swift; path = UserProfile.swift; sourceTree = "<group>"; };
		174912B720D300DC00FCF9F9 /* ErrorJson.swift */ = {isa = PBXFileReference; fileEncoding = 4; lastKnownFileType = sourcecode.swift; path = ErrorJson.swift; sourceTree = "<group>"; };
		174912B820D300DC00FCF9F9 /* vkAccount.swift */ = {isa = PBXFileReference; fileEncoding = 4; lastKnownFileType = sourcecode.swift; path = vkAccount.swift; sourceTree = "<group>"; };
		174912BA20D300DC00FCF9F9 /* Base */ = {isa = PBXFileReference; lastKnownFileType = file.storyboard; name = Base; path = Base.lproj/LaunchScreen.storyboard; sourceTree = "<group>"; };
		174912BC20D300DC00FCF9F9 /* Base */ = {isa = PBXFileReference; lastKnownFileType = file.storyboard; name = Base; path = Base.lproj/Main.storyboard; sourceTree = "<group>"; };
		174912BE20D300DC00FCF9F9 /* Date.swift */ = {isa = PBXFileReference; fileEncoding = 4; lastKnownFileType = sourcecode.swift; path = Date.swift; sourceTree = "<group>"; };
		174912BF20D300DC00FCF9F9 /* Label.swift */ = {isa = PBXFileReference; fileEncoding = 4; lastKnownFileType = sourcecode.swift; path = Label.swift; sourceTree = "<group>"; };
		174912C020D300DC00FCF9F9 /* TableViewCell.swift */ = {isa = PBXFileReference; fileEncoding = 4; lastKnownFileType = sourcecode.swift; path = TableViewCell.swift; sourceTree = "<group>"; };
		174912C120D300DC00FCF9F9 /* Image.swift */ = {isa = PBXFileReference; fileEncoding = 4; lastKnownFileType = sourcecode.swift; path = Image.swift; sourceTree = "<group>"; };
		174912C220D300DC00FCF9F9 /* Int.swift */ = {isa = PBXFileReference; fileEncoding = 4; lastKnownFileType = sourcecode.swift; path = Int.swift; sourceTree = "<group>"; };
		174912C320D300DC00FCF9F9 /* String.swift */ = {isa = PBXFileReference; fileEncoding = 4; lastKnownFileType = sourcecode.swift; path = String.swift; sourceTree = "<group>"; };
		174912C420D300DC00FCF9F9 /* StartViewController.swift */ = {isa = PBXFileReference; fileEncoding = 4; lastKnownFileType = sourcecode.swift; path = StartViewController.swift; sourceTree = "<group>"; };
		174912C620D300DC00FCF9F9 /* GetServerDataOperation.swift */ = {isa = PBXFileReference; fileEncoding = 4; lastKnownFileType = sourcecode.swift; path = GetServerDataOperation.swift; sourceTree = "<group>"; };
		174912C720D300DC00FCF9F9 /* AsyncOperation.swift */ = {isa = PBXFileReference; fileEncoding = 4; lastKnownFileType = sourcecode.swift; path = AsyncOperation.swift; sourceTree = "<group>"; };
		174912C920D300DC00FCF9F9 /* vkSingleton.swift */ = {isa = PBXFileReference; fileEncoding = 4; lastKnownFileType = sourcecode.swift; path = vkSingleton.swift; sourceTree = "<group>"; };
		174912CA20D300DC00FCF9F9 /* AppConfig.swift */ = {isa = PBXFileReference; fileEncoding = 4; lastKnownFileType = sourcecode.swift; path = AppConfig.swift; sourceTree = "<group>"; };
		174912CC20D300DC00FCF9F9 /* UsersController.swift */ = {isa = PBXFileReference; fileEncoding = 4; lastKnownFileType = sourcecode.swift; path = UsersController.swift; sourceTree = "<group>"; };
		174912CF20D300DC00FCF9F9 /* LoginViewController.swift */ = {isa = PBXFileReference; fileEncoding = 4; lastKnownFileType = sourcecode.swift; path = LoginViewController.swift; sourceTree = "<group>"; };
		174912D120D300DC00FCF9F9 /* ProfileView.swift */ = {isa = PBXFileReference; fileEncoding = 4; lastKnownFileType = sourcecode.swift; path = ProfileView.swift; sourceTree = "<group>"; };
		174912D220D300DC00FCF9F9 /* ProfileViewController.swift */ = {isa = PBXFileReference; fileEncoding = 4; lastKnownFileType = sourcecode.swift; path = ProfileViewController.swift; sourceTree = "<group>"; };
		174912D320D300DC00FCF9F9 /* MenuViewController.swift */ = {isa = PBXFileReference; fileEncoding = 4; lastKnownFileType = sourcecode.swift; path = MenuViewController.swift; sourceTree = "<group>"; };
		174912D420D300DC00FCF9F9 /* AppDelegate.swift */ = {isa = PBXFileReference; fileEncoding = 4; lastKnownFileType = sourcecode.swift; path = AppDelegate.swift; sourceTree = "<group>"; };
		174912D620D300DC00FCF9F9 /* ViewControllerProtocol.swift */ = {isa = PBXFileReference; fileEncoding = 4; lastKnownFileType = sourcecode.swift; path = ViewControllerProtocol.swift; sourceTree = "<group>"; };
		174912D720D300DC00FCF9F9 /* ViewControllerUtils.swift */ = {isa = PBXFileReference; fileEncoding = 4; lastKnownFileType = sourcecode.swift; path = ViewControllerUtils.swift; sourceTree = "<group>"; };
		174912D820D300DC00FCF9F9 /* Info.plist */ = {isa = PBXFileReference; fileEncoding = 4; lastKnownFileType = text.plist.xml; path = Info.plist; sourceTree = "<group>"; };
		174912F920D302B700FCF9F9 /* Friends.swift */ = {isa = PBXFileReference; lastKnownFileType = sourcecode.swift; path = Friends.swift; sourceTree = "<group>"; };
		174912FB20D303F400FCF9F9 /* ReloadUsersController.swift */ = {isa = PBXFileReference; fileEncoding = 4; lastKnownFileType = sourcecode.swift; path = ReloadUsersController.swift; sourceTree = "<group>"; };
		174912FC20D303F400FCF9F9 /* ParseFriends.swift */ = {isa = PBXFileReference; fileEncoding = 4; lastKnownFileType = sourcecode.swift; path = ParseFriends.swift; sourceTree = "<group>"; };
		1749130220D304DD00FCF9F9 /* ParseRequestList.swift */ = {isa = PBXFileReference; fileEncoding = 4; lastKnownFileType = sourcecode.swift; path = ParseRequestList.swift; sourceTree = "<group>"; };
		1749130420D3050200FCF9F9 /* ParseRequest.swift */ = {isa = PBXFileReference; fileEncoding = 4; lastKnownFileType = sourcecode.swift; path = ParseRequest.swift; sourceTree = "<group>"; };
		1749130620D3055100FCF9F9 /* FriendRequest.swift */ = {isa = PBXFileReference; fileEncoding = 4; lastKnownFileType = sourcecode.swift; path = FriendRequest.swift; sourceTree = "<group>"; };
		177251282109FEF700B4C6FA /* SwitchOptionCell.swift */ = {isa = PBXFileReference; lastKnownFileType = sourcecode.swift; path = SwitchOptionCell.swift; sourceTree = "<group>"; };
		1772512A210A110300B4C6FA /* CheckOptionCell.swift */ = {isa = PBXFileReference; lastKnownFileType = sourcecode.swift; path = CheckOptionCell.swift; sourceTree = "<group>"; };
		1772512C210A1D5C00B4C6FA /* vkOperationProtocol.swift */ = {isa = PBXFileReference; lastKnownFileType = sourcecode.swift; path = vkOperationProtocol.swift; sourceTree = "<group>"; };
		1772512E210A1E0C00B4C6FA /* PushSettings.swift */ = {isa = PBXFileReference; lastKnownFileType = sourcecode.swift; path = PushSettings.swift; sourceTree = "<group>"; };
		17725130210A1E4300B4C6FA /* ParsePushSettings.swift */ = {isa = PBXFileReference; lastKnownFileType = sourcecode.swift; path = ParsePushSettings.swift; sourceTree = "<group>"; };
		17725132210B2D8100B4C6FA /* PasswordController.swift */ = {isa = PBXFileReference; lastKnownFileType = sourcecode.swift; path = PasswordController.swift; sourceTree = "<group>"; };
		178D83BF20FF707900AFB7EB /* TapGesture.swift */ = {isa = PBXFileReference; lastKnownFileType = sourcecode.swift; path = TapGesture.swift; sourceTree = "<group>"; };
		178D83C1210097BB00AFB7EB /* PhotosListController.swift */ = {isa = PBXFileReference; lastKnownFileType = sourcecode.swift; path = PhotosListController.swift; sourceTree = "<group>"; };
		178D83C32100991000AFB7EB /* PhotoAlbum.swift */ = {isa = PBXFileReference; lastKnownFileType = sourcecode.swift; path = PhotoAlbum.swift; sourceTree = "<group>"; };
		178D83C521009F7B00AFB7EB /* ParsePhotosList.swift */ = {isa = PBXFileReference; lastKnownFileType = sourcecode.swift; path = ParsePhotosList.swift; sourceTree = "<group>"; };
		178D83C721009FBF00AFB7EB /* ParsePhotoAlbums.swift */ = {isa = PBXFileReference; lastKnownFileType = sourcecode.swift; path = ParsePhotoAlbums.swift; sourceTree = "<group>"; };
		178D83C92100A04000AFB7EB /* ReloadPhotosListController.swift */ = {isa = PBXFileReference; lastKnownFileType = sourcecode.swift; path = ReloadPhotosListController.swift; sourceTree = "<group>"; };
		178D83CB2100A32900AFB7EB /* PhotosListCell.swift */ = {isa = PBXFileReference; lastKnownFileType = sourcecode.swift; path = PhotosListCell.swift; sourceTree = "<group>"; };
		178D83CD2100AC2C00AFB7EB /* PhotoAlbumsListCell.swift */ = {isa = PBXFileReference; lastKnownFileType = sourcecode.swift; path = PhotoAlbumsListCell.swift; sourceTree = "<group>"; };
		178D83D02101F26000AFB7EB /* NewsfeedController.swift */ = {isa = PBXFileReference; lastKnownFileType = sourcecode.swift; path = NewsfeedController.swift; sourceTree = "<group>"; };
		17996B4C20DCD77F003DA26B /* VideoListController.swift */ = {isa = PBXFileReference; lastKnownFileType = sourcecode.swift; path = VideoListController.swift; sourceTree = "<group>"; };
		17996B4E20DCD8C1003DA26B /* VideoListCell.swift */ = {isa = PBXFileReference; lastKnownFileType = sourcecode.swift; path = VideoListCell.swift; sourceTree = "<group>"; };
		17996B5020DCDBC0003DA26B /* ParseVideos.swift */ = {isa = PBXFileReference; lastKnownFileType = sourcecode.swift; path = ParseVideos.swift; sourceTree = "<group>"; };
		17996B5220DCDC6F003DA26B /* ReloadVideoListController.swift */ = {isa = PBXFileReference; lastKnownFileType = sourcecode.swift; path = ReloadVideoListController.swift; sourceTree = "<group>"; };
		179CFC4020DBE94900F2AB04 /* Sticker.swift */ = {isa = PBXFileReference; lastKnownFileType = sourcecode.swift; path = Sticker.swift; sourceTree = "<group>"; };
		17A1A5B620D8D31200D9CE00 /* Button.swift */ = {isa = PBXFileReference; lastKnownFileType = sourcecode.swift; path = Button.swift; sourceTree = "<group>"; };
		17A1A5B820D8E37400D9CE00 /* GroupProfileViewController.swift */ = {isa = PBXFileReference; lastKnownFileType = sourcecode.swift; path = GroupProfileViewController.swift; sourceTree = "<group>"; };
		17A1A5BA20D8E63000D9CE00 /* ParseGroupProfile.swift */ = {isa = PBXFileReference; lastKnownFileType = sourcecode.swift; path = ParseGroupProfile.swift; sourceTree = "<group>"; };
		17A1A5BC20D8E6A700D9CE00 /* ParseWall.swift */ = {isa = PBXFileReference; lastKnownFileType = sourcecode.swift; path = ParseWall.swift; sourceTree = "<group>"; };
		17A1A5BE20D8E7FD00D9CE00 /* GroupProfileView.swift */ = {isa = PBXFileReference; lastKnownFileType = sourcecode.swift; path = GroupProfileView.swift; sourceTree = "<group>"; };
		17A1A5C020D8EA4C00D9CE00 /* ReloadGroupProfileController.swift */ = {isa = PBXFileReference; lastKnownFileType = sourcecode.swift; path = ReloadGroupProfileController.swift; sourceTree = "<group>"; };
		17AF810F20D11D1F00FF1913 /* VK-IPad.app */ = {isa = PBXFileReference; explicitFileType = wrapper.application; includeInIndex = 0; path = "VK-IPad.app"; sourceTree = BUILT_PRODUCTS_DIR; };
		17B134A220DA8B720058E1A8 /* PhotoViewCell.swift */ = {isa = PBXFileReference; lastKnownFileType = sourcecode.swift; path = PhotoViewCell.swift; sourceTree = "<group>"; };
		17B134A420DA8B840058E1A8 /* PhotoViewController.swift */ = {isa = PBXFileReference; lastKnownFileType = sourcecode.swift; path = PhotoViewController.swift; sourceTree = "<group>"; };
		17B134A620DACD110058E1A8 /* Likes.swift */ = {isa = PBXFileReference; lastKnownFileType = sourcecode.swift; path = Likes.swift; sourceTree = "<group>"; };
		17B134A820DAD7090058E1A8 /* RecordController.swift */ = {isa = PBXFileReference; lastKnownFileType = sourcecode.swift; path = RecordController.swift; sourceTree = "<group>"; };
		17B134AA20DADDAE0058E1A8 /* Comment.swift */ = {isa = PBXFileReference; lastKnownFileType = sourcecode.swift; path = Comment.swift; sourceTree = "<group>"; };
		17B134AC20DB8B070058E1A8 /* LikesUsersController.swift */ = {isa = PBXFileReference; lastKnownFileType = sourcecode.swift; path = LikesUsersController.swift; sourceTree = "<group>"; };
		17B134AE20DBBEAE0058E1A8 /* CommentCell.swift */ = {isa = PBXFileReference; lastKnownFileType = sourcecode.swift; path = CommentCell.swift; sourceTree = "<group>"; };
		17B409E62105EF0C004CED46 /* FavePostsController.swift */ = {isa = PBXFileReference; lastKnownFileType = sourcecode.swift; path = FavePostsController.swift; sourceTree = "<group>"; };
		17B409E82106114A004CED46 /* FaveLinks.swift */ = {isa = PBXFileReference; lastKnownFileType = sourcecode.swift; path = FaveLinks.swift; sourceTree = "<group>"; };
		17B409EA210612FE004CED46 /* FavePostsCell.swift */ = {isa = PBXFileReference; lastKnownFileType = sourcecode.swift; path = FavePostsCell.swift; sourceTree = "<group>"; };
		17B409EC2106306F004CED46 /* BrowserController.swift */ = {isa = PBXFileReference; lastKnownFileType = sourcecode.swift; path = BrowserController.swift; sourceTree = "<group>"; };
		17B409EF2108822E004CED46 /* UserInfoController.swift */ = {isa = PBXFileReference; lastKnownFileType = sourcecode.swift; path = UserInfoController.swift; sourceTree = "<group>"; };
		17B409F1210889C7004CED46 /* RelativeCell.swift */ = {isa = PBXFileReference; lastKnownFileType = sourcecode.swift; path = RelativeCell.swift; sourceTree = "<group>"; };
		17B409F32109CE47004CED46 /* PersonalInfoCell.swift */ = {isa = PBXFileReference; lastKnownFileType = sourcecode.swift; path = PersonalInfoCell.swift; sourceTree = "<group>"; };
		17B409F52109F961004CED46 /* OptionsController.swift */ = {isa = PBXFileReference; lastKnownFileType = sourcecode.swift; path = OptionsController.swift; sourceTree = "<group>"; };
		17CCB7F820F4E89A0051947A /* Notification.swift */ = {isa = PBXFileReference; lastKnownFileType = sourcecode.swift; path = Notification.swift; sourceTree = "<group>"; };
		17CCB7FA20F63AB30051947A /* NotificationController.swift */ = {isa = PBXFileReference; lastKnownFileType = sourcecode.swift; path = NotificationController.swift; sourceTree = "<group>"; };
		17CCB7FC20F75D1F0051947A /* NotificationCell.swift */ = {isa = PBXFileReference; lastKnownFileType = sourcecode.swift; path = NotificationCell.swift; sourceTree = "<group>"; };
		17DD5DB720D7CBE20019938D /* AttachmentsView.swift */ = {isa = PBXFileReference; lastKnownFileType = sourcecode.swift; path = AttachmentsView.swift; sourceTree = "<group>"; };
		17EBC3A020D51A46009130FC /* Attachment.swift */ = {isa = PBXFileReference; lastKnownFileType = sourcecode.swift; path = Attachment.swift; sourceTree = "<group>"; };
		17EBC3A220D52C5D009130FC /* Video.swift */ = {isa = PBXFileReference; lastKnownFileType = sourcecode.swift; path = Video.swift; sourceTree = "<group>"; };
		17FDD8E2210F2D410064558A /* TopicsListController.swift */ = {isa = PBXFileReference; lastKnownFileType = sourcecode.swift; path = TopicsListController.swift; sourceTree = "<group>"; };
		17FDD8E4210F2F3C0064558A /* Topic.swift */ = {isa = PBXFileReference; lastKnownFileType = sourcecode.swift; path = Topic.swift; sourceTree = "<group>"; };
		17FDD8E6210F34410064558A /* TopicCell.swift */ = {isa = PBXFileReference; lastKnownFileType = sourcecode.swift; path = TopicCell.swift; sourceTree = "<group>"; };
		17FDD8E8211059F20064558A /* TopicController.swift */ = {isa = PBXFileReference; lastKnownFileType = sourcecode.swift; path = TopicController.swift; sourceTree = "<group>"; };
		17FDD8EA211061890064558A /* ParseComments.swift */ = {isa = PBXFileReference; lastKnownFileType = sourcecode.swift; path = ParseComments.swift; sourceTree = "<group>"; };
		17FDD8EC2110621E0064558A /* ParseTopics.swift */ = {isa = PBXFileReference; lastKnownFileType = sourcecode.swift; path = ParseTopics.swift; sourceTree = "<group>"; };
		17FDD8EE2110629C0064558A /* ReloadTopicController.swift */ = {isa = PBXFileReference; lastKnownFileType = sourcecode.swift; path = ReloadTopicController.swift; sourceTree = "<group>"; };
		1ECEFB335DD55F5E58C7A64A /* Pods_VK_IPad.framework */ = {isa = PBXFileReference; explicitFileType = wrapper.framework; includeInIndex = 0; path = Pods_VK_IPad.framework; sourceTree = BUILT_PRODUCTS_DIR; };
		92ED85805D6C190E02304F34 /* Pods-VK-IPad.debug.xcconfig */ = {isa = PBXFileReference; includeInIndex = 1; lastKnownFileType = text.xcconfig; name = "Pods-VK-IPad.debug.xcconfig"; path = "Pods/Target Support Files/Pods-VK-IPad/Pods-VK-IPad.debug.xcconfig"; sourceTree = "<group>"; };
/* End PBXFileReference section */

/* Begin PBXFrameworksBuildPhase section */
		17AF810C20D11D1F00FF1913 /* Frameworks */ = {
			isa = PBXFrameworksBuildPhase;
			buildActionMask = 2147483647;
			files = (
				2286DFA9FA1B572377DE03A3 /* Pods_VK_IPad.framework in Frameworks */,
			);
			runOnlyForDeploymentPostprocessing = 0;
		};
/* End PBXFrameworksBuildPhase section */

/* Begin PBXGroup section */
		147DA1CBA060DCF7606FBDE6 /* Frameworks */ = {
			isa = PBXGroup;
			children = (
				1ECEFB335DD55F5E58C7A64A /* Pods_VK_IPad.framework */,
			);
			name = Frameworks;
			sourceTree = "<group>";
		};
		173D666220D3C75000EEBF46 /* Groups */ = {
			isa = PBXGroup;
			children = (
				173D666320D3C91300EEBF46 /* GroupsListController.swift */,
				17A1A5B820D8E37400D9CE00 /* GroupProfileViewController.swift */,
				17A1A5BE20D8E7FD00D9CE00 /* GroupProfileView.swift */,
			);
			path = Groups;
			sourceTree = "<group>";
		};
		173D666920D3CA9F00EEBF46 /* ReloadInterface */ = {
			isa = PBXGroup;
			children = (
				173D666A20D3CAD100EEBF46 /* ReloadGroupsListController.swift */,
				17A1A5C020D8EA4C00D9CE00 /* ReloadGroupProfileController.swift */,
				17996B5220DCDC6F003DA26B /* ReloadVideoListController.swift */,
				178D83C92100A04000AFB7EB /* ReloadPhotosListController.swift */,
				17FDD8EE2110629C0064558A /* ReloadTopicController.swift */,
			);
			path = ReloadInterface;
			sourceTree = "<group>";
		};
		173D667020D3F54600EEBF46 /* Record */ = {
			isa = PBXGroup;
			children = (
				17B134A820DAD7090058E1A8 /* RecordController.swift */,
				173D667120D3F56600EEBF46 /* RecordCell.swift */,
				17DD5DB720D7CBE20019938D /* AttachmentsView.swift */,
				17B134AC20DB8B070058E1A8 /* LikesUsersController.swift */,
				17B134AE20DBBEAE0058E1A8 /* CommentCell.swift */,
				1731A5332110972300023409 /* StickerView.swift */,
				1731A5372113144E00023409 /* AttachPanel.swift */,
				1731A5392113489800023409 /* SelectAttachPanel.swift */,
			);
			path = Record;
			sourceTree = "<group>";
		};
		173D667D20D40FD900EEBF46 /* AdditionalFunction */ = {
			isa = PBXGroup;
			children = (
				173D667820D40FCE00EEBF46 /* KGCopyableLabel.swift */,
				173D667620D40FCD00EEBF46 /* StoreReviewHelper.swift */,
				173D667520D40FCD00EEBF46 /* UITextViewPlaceholder.swift */,
				173D667720D40FCE00EEBF46 /* URLsInLabels.swift */,
			);
			path = AdditionalFunction;
			sourceTree = "<group>";
		};
		174912AE20D300DC00FCF9F9 /* VK-IPad */ = {
			isa = PBXGroup;
			children = (
				173D667D20D40FD900EEBF46 /* AdditionalFunction */,
				17B409EE210881E5004CED46 /* Profile */,
				178D83CF2101F20500AFB7EB /* Newsfeed */,
				17996B4B20DCD5B3003DA26B /* Video */,
				17A1A5C220DA7EE800D9CE00 /* Photos */,
				173D667020D3F54600EEBF46 /* Record */,
				173D666920D3CA9F00EEBF46 /* ReloadInterface */,
				173D666220D3C75000EEBF46 /* Groups */,
				17FDD8E1210F16030064558A /* Topics */,
				174912FF20D3048A00FCF9F9 /* ParseServerData */,
				174912C820D300DC00FCF9F9 /* AppConfig */,
				174912BD20D300DC00FCF9F9 /* Extensions */,
				174912CB20D300DC00FCF9F9 /* Users */,
				174912B420D300DC00FCF9F9 /* Objects */,
				174912C520D300DC00FCF9F9 /* WebService */,
				174912AF20D300DC00FCF9F9 /* Images */,
				174912D020D300DC00FCF9F9 /* MainMenu */,
				174912D520D300DC00FCF9F9 /* Protocols */,
				174912D420D300DC00FCF9F9 /* AppDelegate.swift */,
				174912C420D300DC00FCF9F9 /* StartViewController.swift */,
				174912CF20D300DC00FCF9F9 /* LoginViewController.swift */,
				17725132210B2D8100B4C6FA /* PasswordController.swift */,
				174912B920D300DC00FCF9F9 /* LaunchScreen.storyboard */,
				174912BB20D300DC00FCF9F9 /* Main.storyboard */,
				174912D820D300DC00FCF9F9 /* Info.plist */,
				174912B320D300DC00FCF9F9 /* Assets.xcassets */,
			);
			path = "VK-IPad";
			sourceTree = "<group>";
		};
		174912AF20D300DC00FCF9F9 /* Images */ = {
			isa = PBXGroup;
			children = (
				174912B020D300DC00FCF9F9 /* SetImageToRow.swift */,
				174912B120D300DC00FCF9F9 /* SetAnimatedImageToRow.swift */,
				174912B220D300DC00FCF9F9 /* GetCacheImage.swift */,
			);
			path = Images;
			sourceTree = "<group>";
		};
		174912B420D300DC00FCF9F9 /* Objects */ = {
			isa = PBXGroup;
			children = (
				1749130620D3055100FCF9F9 /* FriendRequest.swift */,
				174912B520D300DC00FCF9F9 /* Photos.swift */,
				178D83C32100991000AFB7EB /* PhotoAlbum.swift */,
				174912B620D300DC00FCF9F9 /* UserProfile.swift */,
				174912B720D300DC00FCF9F9 /* ErrorJson.swift */,
				174912B820D300DC00FCF9F9 /* vkAccount.swift */,
				174912F920D302B700FCF9F9 /* Friends.swift */,
				173D666520D3C94500EEBF46 /* Groups.swift */,
				173D666C20D3E4BE00EEBF46 /* Record.swift */,
				173D666E20D3EAC800EEBF46 /* GroupProfile.swift */,
				17EBC3A020D51A46009130FC /* Attachment.swift */,
				17EBC3A220D52C5D009130FC /* Video.swift */,
				17424FEA20D53C2100F52C4C /* Audio.swift */,
				17424FEC20D53DC100F52C4C /* Link.swift */,
				17424FEE20D591E800F52C4C /* Document.swift */,
				17424FF020D5A3C400F52C4C /* Poll.swift */,
				17B134A620DACD110058E1A8 /* Likes.swift */,
				17B134AA20DADDAE0058E1A8 /* Comment.swift */,
				179CFC4020DBE94900F2AB04 /* Sticker.swift */,
				17CCB7F820F4E89A0051947A /* Notification.swift */,
				17B409E82106114A004CED46 /* FaveLinks.swift */,
				1772512E210A1E0C00B4C6FA /* PushSettings.swift */,
				17FDD8E4210F2F3C0064558A /* Topic.swift */,
			);
			path = Objects;
			sourceTree = "<group>";
		};
		174912BD20D300DC00FCF9F9 /* Extensions */ = {
			isa = PBXGroup;
			children = (
				174912BE20D300DC00FCF9F9 /* Date.swift */,
				174912BF20D300DC00FCF9F9 /* Label.swift */,
				1731A5352110AFBA00023409 /* TableView.swift */,
				174912C020D300DC00FCF9F9 /* TableViewCell.swift */,
				174912C120D300DC00FCF9F9 /* Image.swift */,
				174912C220D300DC00FCF9F9 /* Int.swift */,
				174912C320D300DC00FCF9F9 /* String.swift */,
				173D666020D3C07900EEBF46 /* Control.swift */,
				17A1A5B620D8D31200D9CE00 /* Button.swift */,
				178D83BF20FF707900AFB7EB /* TapGesture.swift */,
			);
			path = Extensions;
			sourceTree = "<group>";
		};
		174912C520D300DC00FCF9F9 /* WebService */ = {
			isa = PBXGroup;
			children = (
				174912C620D300DC00FCF9F9 /* GetServerDataOperation.swift */,
				174912C720D300DC00FCF9F9 /* AsyncOperation.swift */,
			);
			path = WebService;
			sourceTree = "<group>";
		};
		174912C820D300DC00FCF9F9 /* AppConfig */ = {
			isa = PBXGroup;
			children = (
				174912C920D300DC00FCF9F9 /* vkSingleton.swift */,
				174912CA20D300DC00FCF9F9 /* AppConfig.swift */,
			);
			path = AppConfig;
			sourceTree = "<group>";
		};
		174912CB20D300DC00FCF9F9 /* Users */ = {
			isa = PBXGroup;
			children = (
				174912FB20D303F400FCF9F9 /* ReloadUsersController.swift */,
				174912CC20D300DC00FCF9F9 /* UsersController.swift */,
			);
			path = Users;
			sourceTree = "<group>";
		};
		174912D020D300DC00FCF9F9 /* MainMenu */ = {
			isa = PBXGroup;
			children = (
				174912D320D300DC00FCF9F9 /* MenuViewController.swift */,
				1700D24E20DEAFF3003C50A1 /* ChangeAccountView.swift */,
				17CCB7FA20F63AB30051947A /* NotificationController.swift */,
				17CCB7FC20F75D1F0051947A /* NotificationCell.swift */,
				17B409F52109F961004CED46 /* OptionsController.swift */,
				177251282109FEF700B4C6FA /* SwitchOptionCell.swift */,
				1772512A210A110300B4C6FA /* CheckOptionCell.swift */,
			);
			path = MainMenu;
			sourceTree = "<group>";
		};
		174912D520D300DC00FCF9F9 /* Protocols */ = {
			isa = PBXGroup;
			children = (
				174912D620D300DC00FCF9F9 /* ViewControllerProtocol.swift */,
				174912D720D300DC00FCF9F9 /* ViewControllerUtils.swift */,
				17B409EC2106306F004CED46 /* BrowserController.swift */,
				1772512C210A1D5C00B4C6FA /* vkOperationProtocol.swift */,
			);
			path = Protocols;
			sourceTree = "<group>";
		};
		174912FF20D3048A00FCF9F9 /* ParseServerData */ = {
			isa = PBXGroup;
			children = (
				1749130420D3050200FCF9F9 /* ParseRequest.swift */,
				1749130220D304DD00FCF9F9 /* ParseRequestList.swift */,
				174912FC20D303F400FCF9F9 /* ParseFriends.swift */,
				173D666720D3C9DB00EEBF46 /* ParseGroupList.swift */,
				17A1A5BA20D8E63000D9CE00 /* ParseGroupProfile.swift */,
				17A1A5BC20D8E6A700D9CE00 /* ParseWall.swift */,
				17996B5020DCDBC0003DA26B /* ParseVideos.swift */,
				178D83C521009F7B00AFB7EB /* ParsePhotosList.swift */,
				178D83C721009FBF00AFB7EB /* ParsePhotoAlbums.swift */,
				17725130210A1E4300B4C6FA /* ParsePushSettings.swift */,
				17FDD8EA211061890064558A /* ParseComments.swift */,
				17FDD8EC2110621E0064558A /* ParseTopics.swift */,
			);
			path = ParseServerData;
			sourceTree = "<group>";
		};
		178D83CF2101F20500AFB7EB /* Newsfeed */ = {
			isa = PBXGroup;
			children = (
				178D83D02101F26000AFB7EB /* NewsfeedController.swift */,
				17B409E62105EF0C004CED46 /* FavePostsController.swift */,
				17B409EA210612FE004CED46 /* FavePostsCell.swift */,
			);
			path = Newsfeed;
			sourceTree = "<group>";
		};
		17996B4B20DCD5B3003DA26B /* Video */ = {
			isa = PBXGroup;
			children = (
				17996B4C20DCD77F003DA26B /* VideoListController.swift */,
				1700D24C20DE4156003C50A1 /* VideoController.swift */,
				17996B4E20DCD8C1003DA26B /* VideoListCell.swift */,
				1700D24A20DE4104003C50A1 /* VideoCell.swift */,
			);
			path = Video;
			sourceTree = "<group>";
		};
		17A1A5C220DA7EE800D9CE00 /* Photos */ = {
			isa = PBXGroup;
			children = (
				17B134A420DA8B840058E1A8 /* PhotoViewController.swift */,
				17B134A220DA8B720058E1A8 /* PhotoViewCell.swift */,
				178D83C1210097BB00AFB7EB /* PhotosListController.swift */,
				178D83CB2100A32900AFB7EB /* PhotosListCell.swift */,
				178D83CD2100AC2C00AFB7EB /* PhotoAlbumsListCell.swift */,
			);
			path = Photos;
			sourceTree = "<group>";
		};
		17AF810620D11D1F00FF1913 = {
			isa = PBXGroup;
			children = (
				174912AE20D300DC00FCF9F9 /* VK-IPad */,
				17AF811020D11D1F00FF1913 /* Products */,
				AB08445BDD0DEE9723EB655C /* Pods */,
				147DA1CBA060DCF7606FBDE6 /* Frameworks */,
			);
			sourceTree = "<group>";
		};
		17AF811020D11D1F00FF1913 /* Products */ = {
			isa = PBXGroup;
			children = (
				17AF810F20D11D1F00FF1913 /* VK-IPad.app */,
			);
			name = Products;
			sourceTree = "<group>";
		};
		17B409EE210881E5004CED46 /* Profile */ = {
			isa = PBXGroup;
			children = (
				174912D120D300DC00FCF9F9 /* ProfileView.swift */,
				174912D220D300DC00FCF9F9 /* ProfileViewController.swift */,
				17B409EF2108822E004CED46 /* UserInfoController.swift */,
				17B409F32109CE47004CED46 /* PersonalInfoCell.swift */,
				17B409F1210889C7004CED46 /* RelativeCell.swift */,
			);
			path = Profile;
			sourceTree = "<group>";
		};
		17FDD8E1210F16030064558A /* Topics */ = {
			isa = PBXGroup;
			children = (
				17FDD8E2210F2D410064558A /* TopicsListController.swift */,
				17FDD8E8211059F20064558A /* TopicController.swift */,
				17FDD8E6210F34410064558A /* TopicCell.swift */,
			);
			path = Topics;
			sourceTree = "<group>";
		};
		AB08445BDD0DEE9723EB655C /* Pods */ = {
			isa = PBXGroup;
			children = (
				92ED85805D6C190E02304F34 /* Pods-VK-IPad.debug.xcconfig */,
				1380E5F9747FC22A8E1480B7 /* Pods-VK-IPad.release.xcconfig */,
			);
			name = Pods;
			sourceTree = "<group>";
		};
/* End PBXGroup section */

/* Begin PBXNativeTarget section */
		17AF810E20D11D1F00FF1913 /* VK-IPad */ = {
			isa = PBXNativeTarget;
			buildConfigurationList = 17AF812120D11D2000FF1913 /* Build configuration list for PBXNativeTarget "VK-IPad" */;
			buildPhases = (
				BD41B03A7D7F77084CC05152 /* [CP] Check Pods Manifest.lock */,
				17AF810B20D11D1F00FF1913 /* Sources */,
				17AF810C20D11D1F00FF1913 /* Frameworks */,
				17AF810D20D11D1F00FF1913 /* Resources */,
				50874808AC58BB67E2B2BA1D /* [CP] Embed Pods Frameworks */,
			);
			buildRules = (
			);
			dependencies = (
			);
			name = "VK-IPad";
			productName = "VK-IPad";
			productReference = 17AF810F20D11D1F00FF1913 /* VK-IPad.app */;
			productType = "com.apple.product-type.application";
		};
/* End PBXNativeTarget section */

/* Begin PBXProject section */
		17AF810720D11D1F00FF1913 /* Project object */ = {
			isa = PBXProject;
			attributes = {
				LastSwiftUpdateCheck = 0930;
				LastUpgradeCheck = 0930;
				ORGANIZATIONNAME = "Sergey Nikitin";
				TargetAttributes = {
					17AF810E20D11D1F00FF1913 = {
						CreatedOnToolsVersion = 9.3;
					};
				};
			};
			buildConfigurationList = 17AF810A20D11D1F00FF1913 /* Build configuration list for PBXProject "VK-IPad" */;
			compatibilityVersion = "Xcode 9.3";
			developmentRegion = en;
			hasScannedForEncodings = 0;
			knownRegions = (
				en,
				Base,
			);
			mainGroup = 17AF810620D11D1F00FF1913;
			productRefGroup = 17AF811020D11D1F00FF1913 /* Products */;
			projectDirPath = "";
			projectRoot = "";
			targets = (
				17AF810E20D11D1F00FF1913 /* VK-IPad */,
			);
		};
/* End PBXProject section */

/* Begin PBXResourcesBuildPhase section */
		17AF810D20D11D1F00FF1913 /* Resources */ = {
			isa = PBXResourcesBuildPhase;
			buildActionMask = 2147483647;
			files = (
				174912E220D300DD00FCF9F9 /* Main.storyboard in Resources */,
				174912DC20D300DD00FCF9F9 /* Assets.xcassets in Resources */,
				174912E120D300DD00FCF9F9 /* LaunchScreen.storyboard in Resources */,
			);
			runOnlyForDeploymentPostprocessing = 0;
		};
/* End PBXResourcesBuildPhase section */

/* Begin PBXShellScriptBuildPhase section */
		50874808AC58BB67E2B2BA1D /* [CP] Embed Pods Frameworks */ = {
			isa = PBXShellScriptBuildPhase;
			buildActionMask = 2147483647;
			files = (
			);
			inputPaths = (
				"${SRCROOT}/Pods/Target Support Files/Pods-VK-IPad/Pods-VK-IPad-frameworks.sh",
				"${BUILT_PRODUCTS_DIR}/Alamofire/Alamofire.framework",
				"${BUILT_PRODUCTS_DIR}/BEMCheckBox/BEMCheckBox.framework",
				"${BUILT_PRODUCTS_DIR}/CMPhotoCropEditor/CMPhotoCropEditor.framework",
				"${BUILT_PRODUCTS_DIR}/DCCommentView/DCCommentView.framework",
				"${BUILT_PRODUCTS_DIR}/DropDown/DropDown.framework",
				"${BUILT_PRODUCTS_DIR}/FLAnimatedImage/FLAnimatedImage.framework",
				"${BUILT_PRODUCTS_DIR}/Popover/Popover.framework",
				"${BUILT_PRODUCTS_DIR}/Realm/Realm.framework",
				"${BUILT_PRODUCTS_DIR}/RealmSwift/RealmSwift.framework",
				"${BUILT_PRODUCTS_DIR}/SCLAlertView/SCLAlertView.framework",
				"${BUILT_PRODUCTS_DIR}/SWRevealViewController/SWRevealViewController.framework",
				"${BUILT_PRODUCTS_DIR}/SmileLock/SmileLock.framework",
				"${BUILT_PRODUCTS_DIR}/SwiftMessages/SwiftMessages.framework",
				"${BUILT_PRODUCTS_DIR}/SwiftyJSON/SwiftyJSON.framework",
			);
			name = "[CP] Embed Pods Frameworks";
			outputPaths = (
				"${TARGET_BUILD_DIR}/${FRAMEWORKS_FOLDER_PATH}/Alamofire.framework",
				"${TARGET_BUILD_DIR}/${FRAMEWORKS_FOLDER_PATH}/BEMCheckBox.framework",
				"${TARGET_BUILD_DIR}/${FRAMEWORKS_FOLDER_PATH}/CMPhotoCropEditor.framework",
				"${TARGET_BUILD_DIR}/${FRAMEWORKS_FOLDER_PATH}/DCCommentView.framework",
				"${TARGET_BUILD_DIR}/${FRAMEWORKS_FOLDER_PATH}/DropDown.framework",
				"${TARGET_BUILD_DIR}/${FRAMEWORKS_FOLDER_PATH}/FLAnimatedImage.framework",
				"${TARGET_BUILD_DIR}/${FRAMEWORKS_FOLDER_PATH}/Popover.framework",
				"${TARGET_BUILD_DIR}/${FRAMEWORKS_FOLDER_PATH}/Realm.framework",
				"${TARGET_BUILD_DIR}/${FRAMEWORKS_FOLDER_PATH}/RealmSwift.framework",
				"${TARGET_BUILD_DIR}/${FRAMEWORKS_FOLDER_PATH}/SCLAlertView.framework",
				"${TARGET_BUILD_DIR}/${FRAMEWORKS_FOLDER_PATH}/SWRevealViewController.framework",
				"${TARGET_BUILD_DIR}/${FRAMEWORKS_FOLDER_PATH}/SmileLock.framework",
				"${TARGET_BUILD_DIR}/${FRAMEWORKS_FOLDER_PATH}/SwiftMessages.framework",
				"${TARGET_BUILD_DIR}/${FRAMEWORKS_FOLDER_PATH}/SwiftyJSON.framework",
			);
			runOnlyForDeploymentPostprocessing = 0;
			shellPath = /bin/sh;
			shellScript = "\"${SRCROOT}/Pods/Target Support Files/Pods-VK-IPad/Pods-VK-IPad-frameworks.sh\"\n";
			showEnvVarsInLog = 0;
		};
		BD41B03A7D7F77084CC05152 /* [CP] Check Pods Manifest.lock */ = {
			isa = PBXShellScriptBuildPhase;
			buildActionMask = 2147483647;
			files = (
			);
			inputPaths = (
				"${PODS_PODFILE_DIR_PATH}/Podfile.lock",
				"${PODS_ROOT}/Manifest.lock",
			);
			name = "[CP] Check Pods Manifest.lock";
			outputPaths = (
				"$(DERIVED_FILE_DIR)/Pods-VK-IPad-checkManifestLockResult.txt",
			);
			runOnlyForDeploymentPostprocessing = 0;
			shellPath = /bin/sh;
			shellScript = "diff \"${PODS_PODFILE_DIR_PATH}/Podfile.lock\" \"${PODS_ROOT}/Manifest.lock\" > /dev/null\nif [ $? != 0 ] ; then\n    # print error to STDERR\n    echo \"error: The sandbox is not in sync with the Podfile.lock. Run 'pod install' or update your CocoaPods installation.\" >&2\n    exit 1\nfi\n# This output is used by Xcode 'outputs' to avoid re-running this script phase.\necho \"SUCCESS\" > \"${SCRIPT_OUTPUT_FILE_0}\"\n";
			showEnvVarsInLog = 0;
		};
/* End PBXShellScriptBuildPhase section */

/* Begin PBXSourcesBuildPhase section */
		17AF810B20D11D1F00FF1913 /* Sources */ = {
			isa = PBXSourcesBuildPhase;
			buildActionMask = 2147483647;
			files = (
				17424FF120D5A3C400F52C4C /* Poll.swift in Sources */,
				17FDD8ED2110621E0064558A /* ParseTopics.swift in Sources */,
				174912EC20D300DD00FCF9F9 /* vkSingleton.swift in Sources */,
				17996B5320DCDC6F003DA26B /* ReloadVideoListController.swift in Sources */,
				17A1A5BF20D8E7FD00D9CE00 /* GroupProfileView.swift in Sources */,
				1731A5382113144E00023409 /* AttachPanel.swift in Sources */,
				174912DD20D300DD00FCF9F9 /* Photos.swift in Sources */,
				174912E920D300DD00FCF9F9 /* StartViewController.swift in Sources */,
				17B134A520DA8B840058E1A8 /* PhotoViewController.swift in Sources */,
				17DD5DB820D7CBE20019938D /* AttachmentsView.swift in Sources */,
				17424FED20D53DC100F52C4C /* Link.swift in Sources */,
				17B409EB210612FE004CED46 /* FavePostsCell.swift in Sources */,
				173D666B20D3CAD100EEBF46 /* ReloadGroupsListController.swift in Sources */,
				174912E820D300DD00FCF9F9 /* String.swift in Sources */,
				174912D920D300DD00FCF9F9 /* SetImageToRow.swift in Sources */,
				174912DF20D300DD00FCF9F9 /* ErrorJson.swift in Sources */,
				174912F320D300DD00FCF9F9 /* ProfileViewController.swift in Sources */,
				178D83CE2100AC2C00AFB7EB /* PhotoAlbumsListCell.swift in Sources */,
				17A1A5B720D8D31200D9CE00 /* Button.swift in Sources */,
				1700D24B20DE4104003C50A1 /* VideoCell.swift in Sources */,
				174912E720D300DD00FCF9F9 /* Int.swift in Sources */,
				17FDD8EB211061890064558A /* ParseComments.swift in Sources */,
				174912F520D300DD00FCF9F9 /* AppDelegate.swift in Sources */,
				17B409F62109F961004CED46 /* OptionsController.swift in Sources */,
				174912E320D300DD00FCF9F9 /* Date.swift in Sources */,
				17B134A920DAD7090058E1A8 /* RecordController.swift in Sources */,
				174912DE20D300DD00FCF9F9 /* UserProfile.swift in Sources */,
				17B134A320DA8B720058E1A8 /* PhotoViewCell.swift in Sources */,
				173D667B20D40FCE00EEBF46 /* URLsInLabels.swift in Sources */,
				17CCB7F920F4E89A0051947A /* Notification.swift in Sources */,
				1772512B210A110300B4C6FA /* CheckOptionCell.swift in Sources */,
				17B409E92106114A004CED46 /* FaveLinks.swift in Sources */,
				17725131210A1E4300B4C6FA /* ParsePushSettings.swift in Sources */,
				173D667C20D40FCE00EEBF46 /* KGCopyableLabel.swift in Sources */,
				1772512F210A1E0C00B4C6FA /* PushSettings.swift in Sources */,
				17424FEB20D53C2100F52C4C /* Audio.swift in Sources */,
				173D666F20D3EAC800EEBF46 /* GroupProfile.swift in Sources */,
				1731A5342110972300023409 /* StickerView.swift in Sources */,
				17FDD8E3210F2D410064558A /* TopicsListController.swift in Sources */,
				178D83C020FF707900AFB7EB /* TapGesture.swift in Sources */,
				174912F120D300DD00FCF9F9 /* LoginViewController.swift in Sources */,
				17B134AB20DADDAE0058E1A8 /* Comment.swift in Sources */,
				1749130320D304DD00FCF9F9 /* ParseRequestList.swift in Sources */,
				17424FEF20D591E800F52C4C /* Document.swift in Sources */,
				17A1A5C120D8EA4C00D9CE00 /* ReloadGroupProfileController.swift in Sources */,
				173D666620D3C94500EEBF46 /* Groups.swift in Sources */,
				174912ED20D300DD00FCF9F9 /* AppConfig.swift in Sources */,
				17996B4D20DCD77F003DA26B /* VideoListController.swift in Sources */,
				1731A53A2113489800023409 /* SelectAttachPanel.swift in Sources */,
				17EBC3A120D51A46009130FC /* Attachment.swift in Sources */,
				173D667A20D40FCE00EEBF46 /* StoreReviewHelper.swift in Sources */,
				174912E520D300DD00FCF9F9 /* TableViewCell.swift in Sources */,
				17B409ED2106306F004CED46 /* BrowserController.swift in Sources */,
				1749130720D3055100FCF9F9 /* FriendRequest.swift in Sources */,
				174912F720D300DD00FCF9F9 /* ViewControllerUtils.swift in Sources */,
				17B409F02108822E004CED46 /* UserInfoController.swift in Sources */,
				17FDD8EF2110629C0064558A /* ReloadTopicController.swift in Sources */,
				17B134A720DACD110058E1A8 /* Likes.swift in Sources */,
				178D83C821009FBF00AFB7EB /* ParsePhotoAlbums.swift in Sources */,
				173D666120D3C07900EEBF46 /* Control.swift in Sources */,
				174912E420D300DD00FCF9F9 /* Label.swift in Sources */,
				17FDD8E9211059F20064558A /* TopicController.swift in Sources */,
				173D667920D40FCE00EEBF46 /* UITextViewPlaceholder.swift in Sources */,
				17996B5120DCDBC0003DA26B /* ParseVideos.swift in Sources */,
				1700D24D20DE4156003C50A1 /* VideoController.swift in Sources */,
				178D83CC2100A32900AFB7EB /* PhotosListCell.swift in Sources */,
				173D666420D3C91300EEBF46 /* GroupsListController.swift in Sources */,
				17A1A5BD20D8E6A700D9CE00 /* ParseWall.swift in Sources */,
				174912F420D300DD00FCF9F9 /* MenuViewController.swift in Sources */,
				17B409F2210889C7004CED46 /* RelativeCell.swift in Sources */,
				178D83C42100991000AFB7EB /* PhotoAlbum.swift in Sources */,
				174912EA20D300DD00FCF9F9 /* GetServerDataOperation.swift in Sources */,
				179CFC4120DBE94900F2AB04 /* Sticker.swift in Sources */,
				174912EE20D300DD00FCF9F9 /* UsersController.swift in Sources */,
				1731A5362110AFBA00023409 /* TableView.swift in Sources */,
				178D83C2210097BB00AFB7EB /* PhotosListController.swift in Sources */,
				17B409F42109CE47004CED46 /* PersonalInfoCell.swift in Sources */,
				17B134AD20DB8B070058E1A8 /* LikesUsersController.swift in Sources */,
				174912F220D300DD00FCF9F9 /* ProfileView.swift in Sources */,
				17725133210B2D8100B4C6FA /* PasswordController.swift in Sources */,
				174912F620D300DD00FCF9F9 /* ViewControllerProtocol.swift in Sources */,
				174912DB20D300DD00FCF9F9 /* GetCacheImage.swift in Sources */,
				174912FA20D302B700FCF9F9 /* Friends.swift in Sources */,
				1772512D210A1D5C00B4C6FA /* vkOperationProtocol.swift in Sources */,
				17EBC3A320D52C5D009130FC /* Video.swift in Sources */,
				178D83D12101F26000AFB7EB /* NewsfeedController.swift in Sources */,
				174912FE20D303F400FCF9F9 /* ParseFriends.swift in Sources */,
				17A1A5B920D8E37400D9CE00 /* GroupProfileViewController.swift in Sources */,
				17CCB7FB20F63AB30051947A /* NotificationController.swift in Sources */,
				17FDD8E5210F2F3C0064558A /* Topic.swift in Sources */,
				173D666D20D3E4BE00EEBF46 /* Record.swift in Sources */,
				17A1A5BB20D8E63000D9CE00 /* ParseGroupProfile.swift in Sources */,
				174912FD20D303F400FCF9F9 /* ReloadUsersController.swift in Sources */,
				174912E020D300DD00FCF9F9 /* vkAccount.swift in Sources */,
				173D667220D3F56600EEBF46 /* RecordCell.swift in Sources */,
				1700D24F20DEAFF3003C50A1 /* ChangeAccountView.swift in Sources */,
				1749130520D3050200FCF9F9 /* ParseRequest.swift in Sources */,
				178D83C621009F7B00AFB7EB /* ParsePhotosList.swift in Sources */,
				174912E620D300DD00FCF9F9 /* Image.swift in Sources */,
				17B409E72105EF0C004CED46 /* FavePostsController.swift in Sources */,
				17996B4F20DCD8C1003DA26B /* VideoListCell.swift in Sources */,
				174912EB20D300DD00FCF9F9 /* AsyncOperation.swift in Sources */,
				174912DA20D300DD00FCF9F9 /* SetAnimatedImageToRow.swift in Sources */,
				178D83CA2100A04000AFB7EB /* ReloadPhotosListController.swift in Sources */,
				173D666820D3C9DB00EEBF46 /* ParseGroupList.swift in Sources */,
				177251292109FEF700B4C6FA /* SwitchOptionCell.swift in Sources */,
				17CCB7FD20F75D1F0051947A /* NotificationCell.swift in Sources */,
				17B134AF20DBBEAE0058E1A8 /* CommentCell.swift in Sources */,
				17FDD8E7210F34410064558A /* TopicCell.swift in Sources */,
			);
			runOnlyForDeploymentPostprocessing = 0;
		};
/* End PBXSourcesBuildPhase section */

/* Begin PBXVariantGroup section */
		174912B920D300DC00FCF9F9 /* LaunchScreen.storyboard */ = {
			isa = PBXVariantGroup;
			children = (
				174912BA20D300DC00FCF9F9 /* Base */,
			);
			name = LaunchScreen.storyboard;
			sourceTree = "<group>";
		};
		174912BB20D300DC00FCF9F9 /* Main.storyboard */ = {
			isa = PBXVariantGroup;
			children = (
				174912BC20D300DC00FCF9F9 /* Base */,
			);
			name = Main.storyboard;
			sourceTree = "<group>";
		};
/* End PBXVariantGroup section */

/* Begin XCBuildConfiguration section */
		17AF811F20D11D2000FF1913 /* Debug */ = {
			isa = XCBuildConfiguration;
			buildSettings = {
				ALWAYS_SEARCH_USER_PATHS = NO;
				CLANG_ANALYZER_NONNULL = YES;
				CLANG_ANALYZER_NUMBER_OBJECT_CONVERSION = YES_AGGRESSIVE;
				CLANG_CXX_LANGUAGE_STANDARD = "gnu++14";
				CLANG_CXX_LIBRARY = "libc++";
				CLANG_ENABLE_MODULES = YES;
				CLANG_ENABLE_OBJC_ARC = YES;
				CLANG_ENABLE_OBJC_WEAK = YES;
				CLANG_WARN_BLOCK_CAPTURE_AUTORELEASING = YES;
				CLANG_WARN_BOOL_CONVERSION = YES;
				CLANG_WARN_COMMA = YES;
				CLANG_WARN_CONSTANT_CONVERSION = YES;
				CLANG_WARN_DEPRECATED_OBJC_IMPLEMENTATIONS = YES;
				CLANG_WARN_DIRECT_OBJC_ISA_USAGE = YES_ERROR;
				CLANG_WARN_DOCUMENTATION_COMMENTS = YES;
				CLANG_WARN_EMPTY_BODY = YES;
				CLANG_WARN_ENUM_CONVERSION = YES;
				CLANG_WARN_INFINITE_RECURSION = YES;
				CLANG_WARN_INT_CONVERSION = YES;
				CLANG_WARN_NON_LITERAL_NULL_CONVERSION = YES;
				CLANG_WARN_OBJC_IMPLICIT_RETAIN_SELF = YES;
				CLANG_WARN_OBJC_LITERAL_CONVERSION = YES;
				CLANG_WARN_OBJC_ROOT_CLASS = YES_ERROR;
				CLANG_WARN_RANGE_LOOP_ANALYSIS = YES;
				CLANG_WARN_STRICT_PROTOTYPES = YES;
				CLANG_WARN_SUSPICIOUS_MOVE = YES;
				CLANG_WARN_UNGUARDED_AVAILABILITY = YES_AGGRESSIVE;
				CLANG_WARN_UNREACHABLE_CODE = YES;
				CLANG_WARN__DUPLICATE_METHOD_MATCH = YES;
				CODE_SIGN_IDENTITY = "iPhone Developer";
				COPY_PHASE_STRIP = NO;
				DEBUG_INFORMATION_FORMAT = dwarf;
				ENABLE_STRICT_OBJC_MSGSEND = YES;
				ENABLE_TESTABILITY = YES;
				GCC_C_LANGUAGE_STANDARD = gnu11;
				GCC_DYNAMIC_NO_PIC = NO;
				GCC_NO_COMMON_BLOCKS = YES;
				GCC_OPTIMIZATION_LEVEL = 0;
				GCC_PREPROCESSOR_DEFINITIONS = (
					"DEBUG=1",
					"$(inherited)",
				);
				GCC_WARN_64_TO_32_BIT_CONVERSION = YES;
				GCC_WARN_ABOUT_RETURN_TYPE = YES_ERROR;
				GCC_WARN_UNDECLARED_SELECTOR = YES;
				GCC_WARN_UNINITIALIZED_AUTOS = YES_AGGRESSIVE;
				GCC_WARN_UNUSED_FUNCTION = YES;
				GCC_WARN_UNUSED_VARIABLE = YES;
				IPHONEOS_DEPLOYMENT_TARGET = 11.3;
				MTL_ENABLE_DEBUG_INFO = YES;
				ONLY_ACTIVE_ARCH = YES;
				SDKROOT = iphoneos;
				SWIFT_ACTIVE_COMPILATION_CONDITIONS = DEBUG;
				SWIFT_OPTIMIZATION_LEVEL = "-Onone";
			};
			name = Debug;
		};
		17AF812020D11D2000FF1913 /* Release */ = {
			isa = XCBuildConfiguration;
			buildSettings = {
				ALWAYS_SEARCH_USER_PATHS = NO;
				CLANG_ANALYZER_NONNULL = YES;
				CLANG_ANALYZER_NUMBER_OBJECT_CONVERSION = YES_AGGRESSIVE;
				CLANG_CXX_LANGUAGE_STANDARD = "gnu++14";
				CLANG_CXX_LIBRARY = "libc++";
				CLANG_ENABLE_MODULES = YES;
				CLANG_ENABLE_OBJC_ARC = YES;
				CLANG_ENABLE_OBJC_WEAK = YES;
				CLANG_WARN_BLOCK_CAPTURE_AUTORELEASING = YES;
				CLANG_WARN_BOOL_CONVERSION = YES;
				CLANG_WARN_COMMA = YES;
				CLANG_WARN_CONSTANT_CONVERSION = YES;
				CLANG_WARN_DEPRECATED_OBJC_IMPLEMENTATIONS = YES;
				CLANG_WARN_DIRECT_OBJC_ISA_USAGE = YES_ERROR;
				CLANG_WARN_DOCUMENTATION_COMMENTS = YES;
				CLANG_WARN_EMPTY_BODY = YES;
				CLANG_WARN_ENUM_CONVERSION = YES;
				CLANG_WARN_INFINITE_RECURSION = YES;
				CLANG_WARN_INT_CONVERSION = YES;
				CLANG_WARN_NON_LITERAL_NULL_CONVERSION = YES;
				CLANG_WARN_OBJC_IMPLICIT_RETAIN_SELF = YES;
				CLANG_WARN_OBJC_LITERAL_CONVERSION = YES;
				CLANG_WARN_OBJC_ROOT_CLASS = YES_ERROR;
				CLANG_WARN_RANGE_LOOP_ANALYSIS = YES;
				CLANG_WARN_STRICT_PROTOTYPES = YES;
				CLANG_WARN_SUSPICIOUS_MOVE = YES;
				CLANG_WARN_UNGUARDED_AVAILABILITY = YES_AGGRESSIVE;
				CLANG_WARN_UNREACHABLE_CODE = YES;
				CLANG_WARN__DUPLICATE_METHOD_MATCH = YES;
				CODE_SIGN_IDENTITY = "iPhone Developer";
				COPY_PHASE_STRIP = NO;
				DEBUG_INFORMATION_FORMAT = "dwarf-with-dsym";
				ENABLE_NS_ASSERTIONS = NO;
				ENABLE_STRICT_OBJC_MSGSEND = YES;
				GCC_C_LANGUAGE_STANDARD = gnu11;
				GCC_NO_COMMON_BLOCKS = YES;
				GCC_WARN_64_TO_32_BIT_CONVERSION = YES;
				GCC_WARN_ABOUT_RETURN_TYPE = YES_ERROR;
				GCC_WARN_UNDECLARED_SELECTOR = YES;
				GCC_WARN_UNINITIALIZED_AUTOS = YES_AGGRESSIVE;
				GCC_WARN_UNUSED_FUNCTION = YES;
				GCC_WARN_UNUSED_VARIABLE = YES;
				IPHONEOS_DEPLOYMENT_TARGET = 11.3;
				MTL_ENABLE_DEBUG_INFO = NO;
				SDKROOT = iphoneos;
				SWIFT_COMPILATION_MODE = wholemodule;
				SWIFT_OPTIMIZATION_LEVEL = "-O";
				VALIDATE_PRODUCT = YES;
			};
			name = Release;
		};
		17AF812220D11D2000FF1913 /* Debug */ = {
			isa = XCBuildConfiguration;
			baseConfigurationReference = 92ED85805D6C190E02304F34 /* Pods-VK-IPad.debug.xcconfig */;
			buildSettings = {
				ASSETCATALOG_COMPILER_APPICON_NAME = AppIcon;
				CODE_SIGN_STYLE = Automatic;
				DEVELOPMENT_TEAM = WML363H532;
				INFOPLIST_FILE = "VK-IPad/Info.plist";
				IPHONEOS_DEPLOYMENT_TARGET = 10.0;
				LD_RUNPATH_SEARCH_PATHS = (
					"$(inherited)",
					"@executable_path/Frameworks",
				);
				PRODUCT_BUNDLE_IDENTIFIER = "Snik2003.VK-IPad";
				PRODUCT_NAME = "$(TARGET_NAME)";
				SWIFT_VERSION = 4.0;
				TARGETED_DEVICE_FAMILY = 2;
			};
			name = Debug;
		};
		17AF812320D11D2000FF1913 /* Release */ = {
			isa = XCBuildConfiguration;
			baseConfigurationReference = 1380E5F9747FC22A8E1480B7 /* Pods-VK-IPad.release.xcconfig */;
			buildSettings = {
				ASSETCATALOG_COMPILER_APPICON_NAME = AppIcon;
				CODE_SIGN_STYLE = Automatic;
				DEVELOPMENT_TEAM = WML363H532;
				INFOPLIST_FILE = "VK-IPad/Info.plist";
				IPHONEOS_DEPLOYMENT_TARGET = 10.0;
				LD_RUNPATH_SEARCH_PATHS = (
					"$(inherited)",
					"@executable_path/Frameworks",
				);
				PRODUCT_BUNDLE_IDENTIFIER = "Snik2003.VK-IPad";
				PRODUCT_NAME = "$(TARGET_NAME)";
				SWIFT_VERSION = 4.0;
				TARGETED_DEVICE_FAMILY = 2;
			};
			name = Release;
		};
/* End XCBuildConfiguration section */

/* Begin XCConfigurationList section */
		17AF810A20D11D1F00FF1913 /* Build configuration list for PBXProject "VK-IPad" */ = {
			isa = XCConfigurationList;
			buildConfigurations = (
				17AF811F20D11D2000FF1913 /* Debug */,
				17AF812020D11D2000FF1913 /* Release */,
			);
			defaultConfigurationIsVisible = 0;
			defaultConfigurationName = Release;
		};
		17AF812120D11D2000FF1913 /* Build configuration list for PBXNativeTarget "VK-IPad" */ = {
			isa = XCConfigurationList;
			buildConfigurations = (
				17AF812220D11D2000FF1913 /* Debug */,
				17AF812320D11D2000FF1913 /* Release */,
			);
			defaultConfigurationIsVisible = 0;
			defaultConfigurationName = Release;
		};
/* End XCConfigurationList section */
	};
	rootObject = 17AF810720D11D1F00FF1913 /* Project object */;
}
